{
  "name": "Scrapazon",
  "version": "1.0.0",
  "lockfileVersion": 1,
  "requires": true,
  "dependencies": {
    "node": {
      "version": "15.10.0",
      "resolved": "https://registry.npmjs.org/node/-/node-15.10.0.tgz",
      "integrity": "sha512-JboERsul33BpTDeth8SsGWg/gTZfNEWGMT5HVqIoyepRwAARznCjwdWvLHHd/A9bvAYFp5zaq46RnVArWz44kA==",
      "requires": {
        "node-bin-setup": "^1.0.0"
      }
    },
    "node-bin-setup": {
      "version": "1.0.6",
      "resolved": "https://registry.npmjs.org/node-bin-setup/-/node-bin-setup-1.0.6.tgz",
      "integrity": "sha512-uPIxXNis1CRbv1DwqAxkgBk5NFV3s7cMN/Gf556jSw6jBvV7ca4F9lRL/8cALcZecRibeqU+5dFYqFFmzv5a0Q=="
    },
    "uptime-express": {
      "version": "0.0.4",
      "resolved": "https://registry.npmjs.org/uptime-express/-/uptime-express-0.0.4.tgz",
      "integrity": "sha512-d93FQ/WqqmR0G+jsGkxiU10XVNhI3BYRVeC50jMeE0DarNnUlGahirRpVU9MJ1hX0dm95ErOZUtb+dmfZeUJlA=="
    }
  }
}
